
Microsoft Visual Studio Solution File, Format Version 12.00
# Visual Studio 15
Project("{FAE04EC0-301F-11D3-BF4B-00C04F79EFBC}") = "ClassifProject", "ClassifProject.csproj", "{FFE8428D-740B-4702-B13E-C88D5F1F44A5}"
EndProject
Global
	GlobalSection(SolutionConfigurationPlatforms) = preSolution
		Debug|Any CPU = Debug|Any CPU
		Release|Any CPU = Release|Any CPU
	EndGlobalSection
	GlobalSection(ProjectConfigurationPlatforms) = postSolution
		{FFE8428D-740B-4702-B13E-C88D5F1F44A5}.Debug|Any CPU.ActiveCfg = Debug|Any CPU
		{FFE8428D-740B-4702-B13E-C88D5F1F44A5}.Debug|Any CPU.Build.0 = Debug|Any CPU
		{FFE8428D-740B-4702-B13E-C88D5F1F44A5}.Release|Any CPU.ActiveCfg = Release|Any CPU
		{FFE8428D-740B-4702-B13E-C88D5F1F44A5}.Release|Any CPU.Build.0 = Release|Any CPU
	EndGlobalSection
EndGlobal
